
Microsoft Visual Studio Solution File, Format Version 12.00
# Visual Studio Version 16
VisualStudioVersion = 16.0.29926.136
MinimumVisualStudioVersion = 10.0.40219.1
Project("{FAE04EC0-301F-11D3-BF4B-00C04F79EFBC}") = "BloomKitchenomics.UWP", "BloomKitchenomics.UWP\BloomKitchenomics.UWP.csproj", "{104EBD2B-2F27-4BE4-8E54-B13B37DF8C17}"
EndProject
Project("{FAE04EC0-301F-11D3-BF4B-00C04F79EFBC}") = "BloomKitchenomics.Android", "BloomKitchenomics.Android\BloomKitchenomics.Android.csproj", "{D0F6F0E6-D238-41A1-851D-F4D22A237442}"
EndProject
Project("{FAE04EC0-301F-11D3-BF4B-00C04F79EFBC}") = "BloomKitchenomics.iOS", "BloomKitchenomics.iOS\BloomKitchenomics.iOS.csproj", "{948707F7-1839-4CF7-8B31-2E85146C9C3B}"
EndProject
Project("{9A19103F-16F7-4668-BE54-9A1E7A4F7556}") = "BloomKitchenomics", "BloomKitchenomics\BloomKitchenomics.csproj", "{4E588F97-5ED9-4CBC-9B31-11D9BE726378}"
EndProject
Global
	GlobalSection(SolutionConfigurationPlatforms) = preSolution
		Debug|Any CPU = Debug|Any CPU
		Debug|ARM = Debug|ARM
		Debug|iPhone = Debug|iPhone
		Debug|iPhoneSimulator = Debug|iPhoneSimulator
		Debug|x64 = Debug|x64
		Debug|x86 = Debug|x86
		Release|Any CPU = Release|Any CPU
		Release|ARM = Release|ARM
		Release|iPhone = Release|iPhone
		Release|iPhoneSimulator = Release|iPhoneSimulator
		Release|x64 = Release|x64
		Release|x86 = Release|x86
	EndGlobalSection
	GlobalSection(ProjectConfigurationPlatforms) = postSolution
		{104EBD2B-2F27-4BE4-8E54-B13B37DF8C17}.Debug|Any CPU.ActiveCfg = Debug|x86
		{104EBD2B-2F27-4BE4-8E54-B13B37DF8C17}.Debug|Any CPU.Build.0 = Debug|x86
		{104EBD2B-2F27-4BE4-8E54-B13B37DF8C17}.Debug|Any CPU.Deploy.0 = Debug|x86
		{104EBD2B-2F27-4BE4-8E54-B13B37DF8C17}.Debug|ARM.ActiveCfg = Debug|ARM
		{104EBD2B-2F27-4BE4-8E54-B13B37DF8C17}.Debug|ARM.Build.0 = Debug|ARM
		{104EBD2B-2F27-4BE4-8E54-B13B37DF8C17}.Debug|ARM.Deploy.0 = Debug|ARM
		{104EBD2B-2F27-4BE4-8E54-B13B37DF8C17}.Debug|iPhone.ActiveCfg = Debug|x86
		{104EBD2B-2F27-4BE4-8E54-B13B37DF8C17}.Debug|iPhone.Build.0 = Debug|x86
		{104EBD2B-2F27-4BE4-8E54-B13B37DF8C17}.Debug|iPhone.Deploy.0 = Debug|x86
		{104EBD2B-2F27-4BE4-8E54-B13B37DF8C17}.Debug|iPhoneSimulator.ActiveCfg = Debug|x86
		{104EBD2B-2F27-4BE4-8E54-B13B37DF8C17}.Debug|iPhoneSimulator.Build.0 = Debug|x86
		{104EBD2B-2F27-4BE4-8E54-B13B37DF8C17}.Debug|iPhoneSimulator.Deploy.0 = Debug|x86
		{104EBD2B-2F27-4BE4-8E54-B13B37DF8C17}.Debug|x64.ActiveCfg = Debug|x64
		{104EBD2B-2F27-4BE4-8E54-B13B37DF8C17}.Debug|x64.Build.0 = Debug|x64
		{104EBD2B-2F27-4BE4-8E54-B13B37DF8C17}.Debug|x64.Deploy.0 = Debug|x64
		{104EBD2B-2F27-4BE4-8E54-B13B37DF8C17}.Debug|x86.ActiveCfg = Debug|x86
		{104EBD2B-2F27-4BE4-8E54-B13B37DF8C17}.Debug|x86.Build.0 = Debug|x86
		{104EBD2B-2F27-4BE4-8E54-B13B37DF8C17}.Debug|x86.Deploy.0 = Debug|x86
		{104EBD2B-2F27-4BE4-8E54-B13B37DF8C17}.Release|Any CPU.ActiveCfg = Release|x86
		{104EBD2B-2F27-4BE4-8E54-B13B37DF8C17}.Release|Any CPU.Build.0 = Release|x86
		{104EBD2B-2F27-4BE4-8E54-B13B37DF8C17}.Release|Any CPU.Deploy.0 = Release|x86
		{104EBD2B-2F27-4BE4-8E54-B13B37DF8C17}.Release|ARM.ActiveCfg = Release|ARM
		{104EBD2B-2F27-4BE4-8E54-B13B37DF8C17}.Release|ARM.Build.0 = Release|ARM
		{104EBD2B-2F27-4BE4-8E54-B13B37DF8C17}.Release|ARM.Deploy.0 = Release|ARM
		{104EBD2B-2F27-4BE4-8E54-B13B37DF8C17}.Release|iPhone.ActiveCfg = Release|x86
		{104EBD2B-2F27-4BE4-8E54-B13B37DF8C17}.Release|iPhone.Build.0 = Release|x86
		{104EBD2B-2F27-4BE4-8E54-B13B37DF8C17}.Release|iPhone.Deploy.0 = Release|x86
		{104EBD2B-2F27-4BE4-8E54-B13B37DF8C17}.Release|iPhoneSimulator.ActiveCfg = Release|x86
		{104EBD2B-2F27-4BE4-8E54-B13B37DF8C17}.Release|iPhoneSimulator.Build.0 = Release|x86
		{104EBD2B-2F27-4BE4-8E54-B13B37DF8C17}.Release|iPhoneSimulator.Deploy.0 = Release|x86
		{104EBD2B-2F27-4BE4-8E54-B13B37DF8C17}.Release|x64.ActiveCfg = Release|x64
		{104EBD2B-2F27-4BE4-8E54-B13B37DF8C17}.Release|x64.Build.0 = Release|x64
		{104EBD2B-2F27-4BE4-8E54-B13B37DF8C17}.Release|x64.Deploy.0 = Release|x64
		{104EBD2B-2F27-4BE4-8E54-B13B37DF8C17}.Release|x86.ActiveCfg = Release|x86
		{104EBD2B-2F27-4BE4-8E54-B13B37DF8C17}.Release|x86.Build.0 = Release|x86
		{104EBD2B-2F27-4BE4-8E54-B13B37DF8C17}.Release|x86.Deploy.0 = Release|x86
		{D0F6F0E6-D238-41A1-851D-F4D22A237442}.Debug|Any CPU.ActiveCfg = Debug|Any CPU
		{D0F6F0E6-D238-41A1-851D-F4D22A237442}.Debug|Any CPU.Build.0 = Debug|Any CPU
		{D0F6F0E6-D238-41A1-851D-F4D22A237442}.Debug|Any CPU.Deploy.0 = Debug|Any CPU
		{D0F6F0E6-D238-41A1-851D-F4D22A237442}.Debug|ARM.ActiveCfg = Debug|Any CPU
		{D0F6F0E6-D238-41A1-851D-F4D22A237442}.Debug|ARM.Build.0 = Debug|Any CPU
		{D0F6F0E6-D238-41A1-851D-F4D22A237442}.Debug|ARM.Deploy.0 = Debug|Any CPU
		{D0F6F0E6-D238-41A1-851D-F4D22A237442}.Debug|iPhone.ActiveCfg = Debug|Any CPU
		{D0F6F0E6-D238-41A1-851D-F4D22A237442}.Debug|iPhone.Build.0 = Debug|Any CPU
		{D0F6F0E6-D238-41A1-851D-F4D22A237442}.Debug|iPhone.Deploy.0 = Debug|Any CPU
		{D0F6F0E6-D238-41A1-851D-F4D22A237442}.Debug|iPhoneSimulator.ActiveCfg = Debug|Any CPU
		{D0F6F0E6-D238-41A1-851D-F4D22A237442}.Debug|iPhoneSimulator.Build.0 = Debug|Any CPU
		{D0F6F0E6-D238-41A1-851D-F4D22A237442}.Debug|iPhoneSimulator.Deploy.0 = Debug|Any CPU
		{D0F6F0E6-D238-41A1-851D-F4D22A237442}.Debug|x64.ActiveCfg = Debug|Any CPU
		{D0F6F0E6-D238-41A1-851D-F4D22A237442}.Debug|x64.Build.0 = Debug|Any CPU
		{D0F6F0E6-D238-41A1-851D-F4D22A237442}.Debug|x64.Deploy.0 = Debug|Any CPU
		{D0F6F0E6-D238-41A1-851D-F4D22A237442}.Debug|x86.ActiveCfg = Debug|Any CPU
		{D0F6F0E6-D238-41A1-851D-F4D22A237442}.Debug|x86.Build.0 = Debug|Any CPU
		{D0F6F0E6-D238-41A1-851D-F4D22A237442}.Debug|x86.Deploy.0 = Debug|Any CPU
		{D0F6F0E6-D238-41A1-851D-F4D22A237442}.Release|Any CPU.ActiveCfg = Release|Any CPU
		{D0F6F0E6-D238-41A1-851D-F4D22A237442}.Release|Any CPU.Build.0 = Release|Any CPU
		{D0F6F0E6-D238-41A1-851D-F4D22A237442}.Release|Any CPU.Deploy.0 = Release|Any CPU
		{D0F6F0E6-D238-41A1-851D-F4D22A237442}.Release|ARM.ActiveCfg = Release|Any CPU
		{D0F6F0E6-D238-41A1-851D-F4D22A237442}.Release|ARM.Build.0 = Release|Any CPU
		{D0F6F0E6-D238-41A1-851D-F4D22A237442}.Release|ARM.Deploy.0 = Release|Any CPU
		{D0F6F0E6-D238-41A1-851D-F4D22A237442}.Release|iPhone.ActiveCfg = Release|Any CPU
		{D0F6F0E6-D238-41A1-851D-F4D22A237442}.Release|iPhone.Build.0 = Release|Any CPU
		{D0F6F0E6-D238-41A1-851D-F4D22A237442}.Release|iPhone.Deploy.0 = Release|Any CPU
		{D0F6F0E6-D238-41A1-851D-F4D22A237442}.Release|iPhoneSimulator.ActiveCfg = Release|Any CPU
		{D0F6F0E6-D238-41A1-851D-F4D22A237442}.Release|iPhoneSimulator.Build.0 = Release|Any CPU
		{D0F6F0E6-D238-41A1-851D-F4D22A237442}.Release|iPhoneSimulator.Deploy.0 = Release|Any CPU
		{D0F6F0E6-D238-41A1-851D-F4D22A237442}.Release|x64.ActiveCfg = Release|Any CPU
		{D0F6F0E6-D238-41A1-851D-F4D22A237442}.Release|x64.Build.0 = Release|Any CPU
		{D0F6F0E6-D238-41A1-851D-F4D22A237442}.Release|x64.Deploy.0 = Release|Any CPU
		{D0F6F0E6-D238-41A1-851D-F4D22A237442}.Release|x86.ActiveCfg = Release|Any CPU
		{D0F6F0E6-D238-41A1-851D-F4D22A237442}.Release|x86.Build.0 = Release|Any CPU
		{D0F6F0E6-D238-41A1-851D-F4D22A237442}.Release|x86.Deploy.0 = Release|Any CPU
		{948707F7-1839-4CF7-8B31-2E85146C9C3B}.Debug|Any CPU.ActiveCfg = Debug|iPhone
		{948707F7-1839-4CF7-8B31-2E85146C9C3B}.Debug|Any CPU.Build.0 = Debug|iPhone
		{948707F7-1839-4CF7-8B31-2E85146C9C3B}.Debug|Any CPU.Deploy.0 = Debug|iPhone
		{948707F7-1839-4CF7-8B31-2E85146C9C3B}.Debug|ARM.ActiveCfg = Debug|iPhone
		{948707F7-1839-4CF7-8B31-2E85146C9C3B}.Debug|ARM.Build.0 = Debug|iPhone
		{948707F7-1839-4CF7-8B31-2E85146C9C3B}.Debug|ARM.Deploy.0 = Debug|iPhone
		{948707F7-1839-4CF7-8B31-2E85146C9C3B}.Debug|iPhone.ActiveCfg = Debug|iPhone
		{948707F7-1839-4CF7-8B31-2E85146C9C3B}.Debug|iPhone.Build.0 = Debug|iPhone
		{948707F7-1839-4CF7-8B31-2E85146C9C3B}.Debug|iPhone.Deploy.0 = Debug|iPhone
		{948707F7-1839-4CF7-8B31-2E85146C9C3B}.Debug|iPhoneSimulator.ActiveCfg = Debug|iPhoneSimulator
		{948707F7-1839-4CF7-8B31-2E85146C9C3B}.Debug|iPhoneSimulator.Build.0 = Debug|iPhoneSimulator
		{948707F7-1839-4CF7-8B31-2E85146C9C3B}.Debug|iPhoneSimulator.Deploy.0 = Debug|iPhoneSimulator
		{948707F7-1839-4CF7-8B31-2E85146C9C3B}.Debug|x64.ActiveCfg = Debug|iPhone
		{948707F7-1839-4CF7-8B31-2E85146C9C3B}.Debug|x64.Build.0 = Debug|iPhone
		{948707F7-1839-4CF7-8B31-2E85146C9C3B}.Debug|x64.Deploy.0 = Debug|iPhone
		{948707F7-1839-4CF7-8B31-2E85146C9C3B}.Debug|x86.ActiveCfg = Debug|iPhone
		{948707F7-1839-4CF7-8B31-2E85146C9C3B}.Debug|x86.Build.0 = Debug|iPhone
		{948707F7-1839-4CF7-8B31-2E85146C9C3B}.Debug|x86.Deploy.0 = Debug|iPhone
		{948707F7-1839-4CF7-8B31-2E85146C9C3B}.Release|Any CPU.ActiveCfg = Release|iPhone
		{948707F7-1839-4CF7-8B31-2E85146C9C3B}.Release|Any CPU.Build.0 = Release|iPhone
		{948707F7-1839-4CF7-8B31-2E85146C9C3B}.Release|Any CPU.Deploy.0 = Release|iPhone
		{948707F7-1839-4CF7-8B31-2E85146C9C3B}.Release|ARM.ActiveCfg = Release|iPhone
		{948707F7-1839-4CF7-8B31-2E85146C9C3B}.Release|ARM.Build.0 = Release|iPhone
		{948707F7-1839-4CF7-8B31-2E85146C9C3B}.Release|ARM.Deploy.0 = Release|iPhone
		{948707F7-1839-4CF7-8B31-2E85146C9C3B}.Release|iPhone.ActiveCfg = Release|iPhone
		{948707F7-1839-4CF7-8B31-2E85146C9C3B}.Release|iPhone.Build.0 = Release|iPhone
		{948707F7-1839-4CF7-8B31-2E85146C9C3B}.Release|iPhone.Deploy.0 = Release|iPhone
		{948707F7-1839-4CF7-8B31-2E85146C9C3B}.Release|iPhoneSimulator.ActiveCfg = Release|iPhoneSimulator
		{948707F7-1839-4CF7-8B31-2E85146C9C3B}.Release|iPhoneSimulator.Build.0 = Release|iPhoneSimulator
		{948707F7-1839-4CF7-8B31-2E85146C9C3B}.Release|iPhoneSimulator.Deploy.0 = Release|iPhoneSimulator
		{948707F7-1839-4CF7-8B31-2E85146C9C3B}.Release|x64.ActiveCfg = Release|iPhone
		{948707F7-1839-4CF7-8B31-2E85146C9C3B}.Release|x64.Build.0 = Release|iPhone
		{948707F7-1839-4CF7-8B31-2E85146C9C3B}.Release|x64.Deploy.0 = Release|iPhone
		{948707F7-1839-4CF7-8B31-2E85146C9C3B}.Release|x86.ActiveCfg = Release|iPhone
		{948707F7-1839-4CF7-8B31-2E85146C9C3B}.Release|x86.Build.0 = Release|iPhone
		{948707F7-1839-4CF7-8B31-2E85146C9C3B}.Release|x86.Deploy.0 = Release|iPhone
		{4E588F97-5ED9-4CBC-9B31-11D9BE726378}.Debug|Any CPU.ActiveCfg = Debug|Any CPU
		{4E588F97-5ED9-4CBC-9B31-11D9BE726378}.Debug|Any CPU.Build.0 = Debug|Any CPU
		{4E588F97-5ED9-4CBC-9B31-11D9BE726378}.Debug|Any CPU.Deploy.0 = Debug|Any CPU
		{4E588F97-5ED9-4CBC-9B31-11D9BE726378}.Debug|ARM.ActiveCfg = Debug|Any CPU
		{4E588F97-5ED9-4CBC-9B31-11D9BE726378}.Debug|ARM.Build.0 = Debug|Any CPU
		{4E588F97-5ED9-4CBC-9B31-11D9BE726378}.Debug|ARM.Deploy.0 = Debug|Any CPU
		{4E588F97-5ED9-4CBC-9B31-11D9BE726378}.Debug|iPhone.ActiveCfg = Debug|Any CPU
		{4E588F97-5ED9-4CBC-9B31-11D9BE726378}.Debug|iPhone.Build.0 = Debug|Any CPU
		{4E588F97-5ED9-4CBC-9B31-11D9BE726378}.Debug|iPhone.Deploy.0 = Debug|Any CPU
		{4E588F97-5ED9-4CBC-9B31-11D9BE726378}.Debug|iPhoneSimulator.ActiveCfg = Debug|Any CPU
		{4E588F97-5ED9-4CBC-9B31-11D9BE726378}.Debug|iPhoneSimulator.Build.0 = Debug|Any CPU
		{4E588F97-5ED9-4CBC-9B31-11D9BE726378}.Debug|iPhoneSimulator.Deploy.0 = Debug|Any CPU
		{4E588F97-5ED9-4CBC-9B31-11D9BE726378}.Debug|x64.ActiveCfg = Debug|Any CPU
		{4E588F97-5ED9-4CBC-9B31-11D9BE726378}.Debug|x64.Build.0 = Debug|Any CPU
		{4E588F97-5ED9-4CBC-9B31-11D9BE726378}.Debug|x64.Deploy.0 = Debug|Any CPU
		{4E588F97-5ED9-4CBC-9B31-11D9BE726378}.Debug|x86.ActiveCfg = Debug|Any CPU
		{4E588F97-5ED9-4CBC-9B31-11D9BE726378}.Debug|x86.Build.0 = Debug|Any CPU
		{4E588F97-5ED9-4CBC-9B31-11D9BE726378}.Debug|x86.Deploy.0 = Debug|Any CPU
		{4E588F97-5ED9-4CBC-9B31-11D9BE726378}.Release|Any CPU.ActiveCfg = Release|Any CPU
		{4E588F97-5ED9-4CBC-9B31-11D9BE726378}.Release|Any CPU.Build.0 = Release|Any CPU
		{4E588F97-5ED9-4CBC-9B31-11D9BE726378}.Release|Any CPU.Deploy.0 = Release|Any CPU
		{4E588F97-5ED9-4CBC-9B31-11D9BE726378}.Release|ARM.ActiveCfg = Release|Any CPU
		{4E588F97-5ED9-4CBC-9B31-11D9BE726378}.Release|ARM.Build.0 = Release|Any CPU
		{4E588F97-5ED9-4CBC-9B31-11D9BE726378}.Release|ARM.Deploy.0 = Release|Any CPU
		{4E588F97-5ED9-4CBC-9B31-11D9BE726378}.Release|iPhone.ActiveCfg = Release|Any CPU
		{4E588F97-5ED9-4CBC-9B31-11D9BE726378}.Release|iPhone.Build.0 = Release|Any CPU
		{4E588F97-5ED9-4CBC-9B31-11D9BE726378}.Release|iPhone.Deploy.0 = Release|Any CPU
		{4E588F97-5ED9-4CBC-9B31-11D9BE726378}.Release|iPhoneSimulator.ActiveCfg = Release|Any CPU
		{4E588F97-5ED9-4CBC-9B31-11D9BE726378}.Release|iPhoneSimulator.Build.0 = Release|Any CPU
		{4E588F97-5ED9-4CBC-9B31-11D9BE726378}.Release|iPhoneSimulator.Deploy.0 = Release|Any CPU
		{4E588F97-5ED9-4CBC-9B31-11D9BE726378}.Release|x64.ActiveCfg = Release|Any CPU
		{4E588F97-5ED9-4CBC-9B31-11D9BE726378}.Release|x64.Build.0 = Release|Any CPU
		{4E588F97-5ED9-4CBC-9B31-11D9BE726378}.Release|x64.Deploy.0 = Release|Any CPU
		{4E588F97-5ED9-4CBC-9B31-11D9BE726378}.Release|x86.ActiveCfg = Release|Any CPU
		{4E588F97-5ED9-4CBC-9B31-11D9BE726378}.Release|x86.Build.0 = Release|Any CPU
		{4E588F97-5ED9-4CBC-9B31-11D9BE726378}.Release|x86.Deploy.0 = Release|Any CPU
	EndGlobalSection
	GlobalSection(SolutionProperties) = preSolution
		HideSolutionNode = FALSE
	EndGlobalSection
	GlobalSection(ExtensibilityGlobals) = postSolution
		SolutionGuid = {6A6BF49C-67DE-46EA-87BB-828AC0F9B35C}
	EndGlobalSection
EndGlobal
